
Microsoft Visual Studio Solution File, Format Version 12.00
# Visual Studio Version 16
VisualStudioVersion = 16.0.31025.194
MinimumVisualStudioVersion = 10.0.40219.1
Project("{FAE04EC0-301F-11D3-BF4B-00C04F79EFBC}") = "projektzespolowy", "projektzespolowy\projektzespolowy.csproj", "{FDC8A36A-17F2-4A9E-9492-78BB657AE027}"
EndProject
Global
	GlobalSection(SolutionConfigurationPlatforms) = preSolution
		Debug|Any CPU = Debug|Any CPU
		Release|Any CPU = Release|Any CPU
	EndGlobalSection
	GlobalSection(ProjectConfigurationPlatforms) = postSolution
		{FDC8A36A-17F2-4A9E-9492-78BB657AE027}.Debug|Any CPU.ActiveCfg = Debug|Any CPU
		{FDC8A36A-17F2-4A9E-9492-78BB657AE027}.Debug|Any CPU.Build.0 = Debug|Any CPU
		{FDC8A36A-17F2-4A9E-9492-78BB657AE027}.Release|Any CPU.ActiveCfg = Release|Any CPU
		{FDC8A36A-17F2-4A9E-9492-78BB657AE027}.Release|Any CPU.Build.0 = Release|Any CPU
	EndGlobalSection
	GlobalSection(SolutionProperties) = preSolution
		HideSolutionNode = FALSE
	EndGlobalSection
	GlobalSection(ExtensibilityGlobals) = postSolution
		SolutionGuid = {C41B980A-0BE2-4263-9A28-DA3F0D86DA42}
	EndGlobalSection
EndGlobal
