
Microsoft Visual Studio Solution File, Format Version 12.00
# Visual Studio Version 16
VisualStudioVersion = 16.0.31129.286
MinimumVisualStudioVersion = 10.0.40219.1
Project("{FAE04EC0-301F-11D3-BF4B-00C04F79EFBC}") = "ProjektZespolowy", "ProjektZespolowy\ProjektZespolowy.csproj", "{2E9C321A-F4E6-4039-83D8-15F0A6EC8B43}"
EndProject
Global
	GlobalSection(SolutionConfigurationPlatforms) = preSolution
		Debug|Any CPU = Debug|Any CPU
		Release|Any CPU = Release|Any CPU
	EndGlobalSection
	GlobalSection(ProjectConfigurationPlatforms) = postSolution
		{2E9C321A-F4E6-4039-83D8-15F0A6EC8B43}.Debug|Any CPU.ActiveCfg = Debug|Any CPU
		{2E9C321A-F4E6-4039-83D8-15F0A6EC8B43}.Debug|Any CPU.Build.0 = Debug|Any CPU
		{2E9C321A-F4E6-4039-83D8-15F0A6EC8B43}.Release|Any CPU.ActiveCfg = Release|Any CPU
		{2E9C321A-F4E6-4039-83D8-15F0A6EC8B43}.Release|Any CPU.Build.0 = Release|Any CPU
	EndGlobalSection
	GlobalSection(SolutionProperties) = preSolution
		HideSolutionNode = FALSE
	EndGlobalSection
	GlobalSection(ExtensibilityGlobals) = postSolution
		SolutionGuid = {BC9C226E-4CA5-4FA1-9910-B44A3CB8EC48}
	EndGlobalSection
EndGlobal
